
Microsoft Visual Studio Solution File, Format Version 12.00
# Visual Studio 15
VisualStudioVersion = 15.0.28010.2026
MinimumVisualStudioVersion = 10.0.40219.1
Project("{FAE04EC0-301F-11D3-BF4B-00C04F79EFBC}") = "Korvi.Conekta", "Korvi.Conekta\Korvi.Conekta.csproj", "{4460E573-B80B-413A-9510-73D5460E812C}"
EndProject
Project("{FAE04EC0-301F-11D3-BF4B-00C04F79EFBC}") = "Korvi.Conekta.Tests", "Korvi.Conekta.Tests\Korvi.Conekta.Tests.csproj", "{B92C7AA7-5B23-4578-86B0-B34F6233C879}"
EndProject
Global
	GlobalSection(SolutionConfigurationPlatforms) = preSolution
		Debug|Any CPU = Debug|Any CPU
		Release|Any CPU = Release|Any CPU
	EndGlobalSection
	GlobalSection(ProjectConfigurationPlatforms) = postSolution
		{4460E573-B80B-413A-9510-73D5460E812C}.Debug|Any CPU.ActiveCfg = Debug|Any CPU
		{4460E573-B80B-413A-9510-73D5460E812C}.Debug|Any CPU.Build.0 = Debug|Any CPU
		{4460E573-B80B-413A-9510-73D5460E812C}.Release|Any CPU.ActiveCfg = Release|Any CPU
		{4460E573-B80B-413A-9510-73D5460E812C}.Release|Any CPU.Build.0 = Release|Any CPU
		{B92C7AA7-5B23-4578-86B0-B34F6233C879}.Debug|Any CPU.ActiveCfg = Debug|Any CPU
		{B92C7AA7-5B23-4578-86B0-B34F6233C879}.Debug|Any CPU.Build.0 = Debug|Any CPU
		{B92C7AA7-5B23-4578-86B0-B34F6233C879}.Release|Any CPU.ActiveCfg = Release|Any CPU
		{B92C7AA7-5B23-4578-86B0-B34F6233C879}.Release|Any CPU.Build.0 = Release|Any CPU
	EndGlobalSection
	GlobalSection(SolutionProperties) = preSolution
		HideSolutionNode = FALSE
	EndGlobalSection
	GlobalSection(ExtensibilityGlobals) = postSolution
		SolutionGuid = {4BC6F279-3FAF-422B-B463-081641CA4600}
	EndGlobalSection
EndGlobal
